// !$*UTF8*$!
{
	archiveVersion = 1;
	classes = {
	};
	objectVersion = 56;
	objects = {

/* Begin PBXBuildFile section */
		0926AFDB2A855050005EB99F /* ProductVariantView.swift in Sources */ = {isa = PBXBuildFile; fileRef = 0926AFDA2A855050005EB99F /* ProductVariantView.swift */; };
		0926AFDD2A855194005EB99F /* ProductDetailsFooterView.swift in Sources */ = {isa = PBXBuildFile; fileRef = 0926AFDC2A855194005EB99F /* ProductDetailsFooterView.swift */; };
		0926AFDF2A85520F005EB99F /* CustomerStepperView.swift in Sources */ = {isa = PBXBuildFile; fileRef = 0926AFDE2A85520F005EB99F /* CustomerStepperView.swift */; };
		0926AFE12A8555AD005EB99F /* GYTDImagePickerView.swift in Sources */ = {isa = PBXBuildFile; fileRef = 0926AFE02A8555AD005EB99F /* GYTDImagePickerView.swift */; };
		0926AFE42A856441005EB99F /* ProductRealm.swift in Sources */ = {isa = PBXBuildFile; fileRef = 0926AFE32A856441005EB99F /* ProductRealm.swift */; };
		0926AFE62A8564D4005EB99F /* RealmManager.swift in Sources */ = {isa = PBXBuildFile; fileRef = 0926AFE52A8564D4005EB99F /* RealmManager.swift */; };
		0926AFE92A8568A6005EB99F /* CartView.swift in Sources */ = {isa = PBXBuildFile; fileRef = 0926AFE82A8568A6005EB99F /* CartView.swift */; };
		0926AFEB2A8568FC005EB99F /* CartProductView.swift in Sources */ = {isa = PBXBuildFile; fileRef = 0926AFEA2A8568FC005EB99F /* CartProductView.swift */; };
		0926AFED2A856A10005EB99F /* CartAmountSummaryView.swift in Sources */ = {isa = PBXBuildFile; fileRef = 0926AFEC2A856A10005EB99F /* CartAmountSummaryView.swift */; };
		0926AFEF2A856AA6005EB99F /* CartCheckOutView.swift in Sources */ = {isa = PBXBuildFile; fileRef = 0926AFEE2A856AA6005EB99F /* CartCheckOutView.swift */; };
		3A73352118D2757D3D747FC1 /* Pods_CommerceApp.framework in Frameworks */ = {isa = PBXBuildFile; fileRef = FACBAC8307338D7ED7973BC7 /* Pods_CommerceApp.framework */; };
		BC3F88482A84E766000FDFE4 /* CommerceAppApp.swift in Sources */ = {isa = PBXBuildFile; fileRef = BC3F88472A84E766000FDFE4 /* CommerceAppApp.swift */; };
		BC3F884C2A84E768000FDFE4 /* Assets.xcassets in Resources */ = {isa = PBXBuildFile; fileRef = BC3F884B2A84E768000FDFE4 /* Assets.xcassets */; };
		BC3F884F2A84E768000FDFE4 /* Preview Assets.xcassets in Resources */ = {isa = PBXBuildFile; fileRef = BC3F884E2A84E768000FDFE4 /* Preview Assets.xcassets */; };
		BC3F88562A84EC69000FDFE4 /* Font in Resources */ = {isa = PBXBuildFile; fileRef = BC3F88552A84EC69000FDFE4 /* Font */; };
		BC3F88672A84F1C8000FDFE4 /* DSEndpoint.swift in Sources */ = {isa = PBXBuildFile; fileRef = BC3F88642A84F1C8000FDFE4 /* DSEndpoint.swift */; };
		BC3F88682A84F1C8000FDFE4 /* APIClient.swift in Sources */ = {isa = PBXBuildFile; fileRef = BC3F88652A84F1C8000FDFE4 /* APIClient.swift */; };
		BC3F88692A84F1C8000FDFE4 /* DSError.swift in Sources */ = {isa = PBXBuildFile; fileRef = BC3F88662A84F1C8000FDFE4 /* DSError.swift */; };
		BC3F886C2A84F1D2000FDFE4 /* UrlEndPoint.swift in Sources */ = {isa = PBXBuildFile; fileRef = BC3F886A2A84F1D2000FDFE4 /* UrlEndPoint.swift */; };
		BC3F886D2A84F1D2000FDFE4 /* OAuth2Handler.swift in Sources */ = {isa = PBXBuildFile; fileRef = BC3F886B2A84F1D2000FDFE4 /* OAuth2Handler.swift */; };
		BC3F88702A84F37C000FDFE4 /* Categories.swift in Sources */ = {isa = PBXBuildFile; fileRef = BC3F886F2A84F37C000FDFE4 /* Categories.swift */; };
		BC3F88722A84F4A7000FDFE4 /* JCProgeressUIView.swift in Sources */ = {isa = PBXBuildFile; fileRef = BC3F88712A84F4A7000FDFE4 /* JCProgeressUIView.swift */; };
		BC3F887D2A850062000FDFE4 /* CommerceUIView.swift in Sources */ = {isa = PBXBuildFile; fileRef = BC3F887C2A850062000FDFE4 /* CommerceUIView.swift */; };
		BC3F88802A8501D0000FDFE4 /* FashionViewModel.swift in Sources */ = {isa = PBXBuildFile; fileRef = BC3F887F2A8501D0000FDFE4 /* FashionViewModel.swift */; };
		BC3F88812A8501D0000FDFE4 /* FashionApiEndPoint.swift in Sources */ = {isa = PBXBuildFile; fileRef = BC3F887E2A8501D0000FDFE4 /* FashionApiEndPoint.swift */; };
		BC3F888C2A8506F9000FDFE4 /* UniNeueBoldTextView.swift in Sources */ = {isa = PBXBuildFile; fileRef = BC3F88852A8506F9000FDFE4 /* UniNeueBoldTextView.swift */; };
		BC3F888E2A8506F9000FDFE4 /* UrbanistRegularTextView.swift in Sources */ = {isa = PBXBuildFile; fileRef = BC3F88872A8506F9000FDFE4 /* UrbanistRegularTextView.swift */; };
		BC3F888F2A8506F9000FDFE4 /* UrbanistMediumTextView.swift in Sources */ = {isa = PBXBuildFile; fileRef = BC3F88882A8506F9000FDFE4 /* UrbanistMediumTextView.swift */; };
		BC3F88902A8506F9000FDFE4 /* UrbanistBoldTextView.swift in Sources */ = {isa = PBXBuildFile; fileRef = BC3F88892A8506F9000FDFE4 /* UrbanistBoldTextView.swift */; };
		BC3F88912A8506F9000FDFE4 /* UniNeueRegularTextView.swift in Sources */ = {isa = PBXBuildFile; fileRef = BC3F888A2A8506F9000FDFE4 /* UniNeueRegularTextView.swift */; };
		BC3F88922A8506F9000FDFE4 /* UrbanistSemiBoldTextView.swift in Sources */ = {isa = PBXBuildFile; fileRef = BC3F888B2A8506F9000FDFE4 /* UrbanistSemiBoldTextView.swift */; };
		BC3F88972A85098A000FDFE4 /* FixedGridView.swift in Sources */ = {isa = PBXBuildFile; fileRef = BC3F88942A85098A000FDFE4 /* FixedGridView.swift */; };
		BC3F88982A85098A000FDFE4 /* LazyGridView.swift in Sources */ = {isa = PBXBuildFile; fileRef = BC3F88952A85098A000FDFE4 /* LazyGridView.swift */; };
		BC3F88992A85098A000FDFE4 /* HorizantalFixedGridView.swift in Sources */ = {isa = PBXBuildFile; fileRef = BC3F88962A85098A000FDFE4 /* HorizantalFixedGridView.swift */; };
		BC3F889B2A850A2E000FDFE4 /* CommerceCategoryCellView.swift in Sources */ = {isa = PBXBuildFile; fileRef = BC3F889A2A850A2E000FDFE4 /* CommerceCategoryCellView.swift */; };
		BC3F889D2A850A70000FDFE4 /* Helper.swift in Sources */ = {isa = PBXBuildFile; fileRef = BC3F889C2A850A70000FDFE4 /* Helper.swift */; };
		BC3F88A02A850F7F000FDFE4 /* CategoryDetailsView.swift in Sources */ = {isa = PBXBuildFile; fileRef = BC3F889F2A850F7F000FDFE4 /* CategoryDetailsView.swift */; };
		BC3F88A22A85109F000FDFE4 /* Products.swift in Sources */ = {isa = PBXBuildFile; fileRef = BC3F88A12A85109F000FDFE4 /* Products.swift */; };
		BC3F88A42A8510C7000FDFE4 /* Shops.swift in Sources */ = {isa = PBXBuildFile; fileRef = BC3F88A32A8510C7000FDFE4 /* Shops.swift */; };
		BC3F88A62A851B05000FDFE4 /* ProductCellUIView.swift in Sources */ = {isa = PBXBuildFile; fileRef = BC3F88A52A851B05000FDFE4 /* ProductCellUIView.swift */; };
		BC3F88A82A851B35000FDFE4 /* ImageUIView.swift in Sources */ = {isa = PBXBuildFile; fileRef = BC3F88A72A851B35000FDFE4 /* ImageUIView.swift */; };
		BC3F88AC2A852062000FDFE4 /* ProductDetailsViewModel.swift in Sources */ = {isa = PBXBuildFile; fileRef = BC3F88AA2A852062000FDFE4 /* ProductDetailsViewModel.swift */; };
		BC3F88AD2A852062000FDFE4 /* ProductDetailsView.swift in Sources */ = {isa = PBXBuildFile; fileRef = BC3F88AB2A852062000FDFE4 /* ProductDetailsView.swift */; };
		BC3F88AF2A8521B2000FDFE4 /* ProductDetailsSliderUIView.swift in Sources */ = {isa = PBXBuildFile; fileRef = BC3F88AE2A8521B2000FDFE4 /* ProductDetailsSliderUIView.swift */; };
		BC3F88B12A8522A6000FDFE4 /* HTMLFormattedText.swift in Sources */ = {isa = PBXBuildFile; fileRef = BC3F88B02A8522A6000FDFE4 /* HTMLFormattedText.swift */; };
		BC3F88B32A8522C5000FDFE4 /* PagingView.swift in Sources */ = {isa = PBXBuildFile; fileRef = BC3F88B22A8522C5000FDFE4 /* PagingView.swift */; };
/* End PBXBuildFile section */

/* Begin PBXFileReference section */
		0926AFDA2A855050005EB99F /* ProductVariantView.swift */ = {isa = PBXFileReference; lastKnownFileType = sourcecode.swift; path = ProductVariantView.swift; sourceTree = "<group>"; };
		0926AFDC2A855194005EB99F /* ProductDetailsFooterView.swift */ = {isa = PBXFileReference; lastKnownFileType = sourcecode.swift; path = ProductDetailsFooterView.swift; sourceTree = "<group>"; };
		0926AFDE2A85520F005EB99F /* CustomerStepperView.swift */ = {isa = PBXFileReference; lastKnownFileType = sourcecode.swift; path = CustomerStepperView.swift; sourceTree = "<group>"; };
		0926AFE02A8555AD005EB99F /* GYTDImagePickerView.swift */ = {isa = PBXFileReference; lastKnownFileType = sourcecode.swift; path = GYTDImagePickerView.swift; sourceTree = "<group>"; };
		0926AFE32A856441005EB99F /* ProductRealm.swift */ = {isa = PBXFileReference; lastKnownFileType = sourcecode.swift; path = ProductRealm.swift; sourceTree = "<group>"; };
		0926AFE52A8564D4005EB99F /* RealmManager.swift */ = {isa = PBXFileReference; lastKnownFileType = sourcecode.swift; path = RealmManager.swift; sourceTree = "<group>"; };
		0926AFE82A8568A6005EB99F /* CartView.swift */ = {isa = PBXFileReference; lastKnownFileType = sourcecode.swift; path = CartView.swift; sourceTree = "<group>"; };
		0926AFEA2A8568FC005EB99F /* CartProductView.swift */ = {isa = PBXFileReference; lastKnownFileType = sourcecode.swift; path = CartProductView.swift; sourceTree = "<group>"; };
		0926AFEC2A856A10005EB99F /* CartAmountSummaryView.swift */ = {isa = PBXFileReference; lastKnownFileType = sourcecode.swift; path = CartAmountSummaryView.swift; sourceTree = "<group>"; };
		0926AFEE2A856AA6005EB99F /* CartCheckOutView.swift */ = {isa = PBXFileReference; lastKnownFileType = sourcecode.swift; path = CartCheckOutView.swift; sourceTree = "<group>"; };
		56BFCD96A7FA9A4D11B21859 /* Pods-CommerceApp.debug.xcconfig */ = {isa = PBXFileReference; includeInIndex = 1; lastKnownFileType = text.xcconfig; name = "Pods-CommerceApp.debug.xcconfig"; path = "Target Support Files/Pods-CommerceApp/Pods-CommerceApp.debug.xcconfig"; sourceTree = "<group>"; };
		799849A02125851DC66336DE /* Pods-CommerceApp.release.xcconfig */ = {isa = PBXFileReference; includeInIndex = 1; lastKnownFileType = text.xcconfig; name = "Pods-CommerceApp.release.xcconfig"; path = "Target Support Files/Pods-CommerceApp/Pods-CommerceApp.release.xcconfig"; sourceTree = "<group>"; };
		BC3F88442A84E766000FDFE4 /* CommerceApp.app */ = {isa = PBXFileReference; explicitFileType = wrapper.application; includeInIndex = 0; path = CommerceApp.app; sourceTree = BUILT_PRODUCTS_DIR; };
		BC3F88472A84E766000FDFE4 /* CommerceAppApp.swift */ = {isa = PBXFileReference; lastKnownFileType = sourcecode.swift; path = CommerceAppApp.swift; sourceTree = "<group>"; };
		BC3F884B2A84E768000FDFE4 /* Assets.xcassets */ = {isa = PBXFileReference; lastKnownFileType = folder.assetcatalog; path = Assets.xcassets; sourceTree = "<group>"; };
		BC3F884E2A84E768000FDFE4 /* Preview Assets.xcassets */ = {isa = PBXFileReference; lastKnownFileType = folder.assetcatalog; path = "Preview Assets.xcassets"; sourceTree = "<group>"; };
		BC3F88552A84EC69000FDFE4 /* Font */ = {isa = PBXFileReference; lastKnownFileType = folder; path = Font; sourceTree = "<group>"; };
		BC3F885A2A84ECEC000FDFE4 /* Info.plist */ = {isa = PBXFileReference; lastKnownFileType = text.plist; path = Info.plist; sourceTree = "<group>"; };
		BC3F88642A84F1C8000FDFE4 /* DSEndpoint.swift */ = {isa = PBXFileReference; fileEncoding = 4; lastKnownFileType = sourcecode.swift; path = DSEndpoint.swift; sourceTree = "<group>"; };
		BC3F88652A84F1C8000FDFE4 /* APIClient.swift */ = {isa = PBXFileReference; fileEncoding = 4; lastKnownFileType = sourcecode.swift; path = APIClient.swift; sourceTree = "<group>"; };
		BC3F88662A84F1C8000FDFE4 /* DSError.swift */ = {isa = PBXFileReference; fileEncoding = 4; lastKnownFileType = sourcecode.swift; path = DSError.swift; sourceTree = "<group>"; };
		BC3F886A2A84F1D2000FDFE4 /* UrlEndPoint.swift */ = {isa = PBXFileReference; fileEncoding = 4; lastKnownFileType = sourcecode.swift; path = UrlEndPoint.swift; sourceTree = "<group>"; };
		BC3F886B2A84F1D2000FDFE4 /* OAuth2Handler.swift */ = {isa = PBXFileReference; fileEncoding = 4; lastKnownFileType = sourcecode.swift; path = OAuth2Handler.swift; sourceTree = "<group>"; };
		BC3F886F2A84F37C000FDFE4 /* Categories.swift */ = {isa = PBXFileReference; fileEncoding = 4; lastKnownFileType = sourcecode.swift; path = Categories.swift; sourceTree = "<group>"; };
		BC3F88712A84F4A7000FDFE4 /* JCProgeressUIView.swift */ = {isa = PBXFileReference; fileEncoding = 4; lastKnownFileType = sourcecode.swift; path = JCProgeressUIView.swift; sourceTree = "<group>"; };
		BC3F887C2A850062000FDFE4 /* CommerceUIView.swift */ = {isa = PBXFileReference; lastKnownFileType = sourcecode.swift; path = CommerceUIView.swift; sourceTree = "<group>"; };
		BC3F887E2A8501D0000FDFE4 /* FashionApiEndPoint.swift */ = {isa = PBXFileReference; lastKnownFileType = sourcecode.swift; path = FashionApiEndPoint.swift; sourceTree = "<group>"; };
		BC3F887F2A8501D0000FDFE4 /* FashionViewModel.swift */ = {isa = PBXFileReference; lastKnownFileType = sourcecode.swift; path = FashionViewModel.swift; sourceTree = "<group>"; };
		BC3F88852A8506F9000FDFE4 /* UniNeueBoldTextView.swift */ = {isa = PBXFileReference; fileEncoding = 4; lastKnownFileType = sourcecode.swift; path = UniNeueBoldTextView.swift; sourceTree = "<group>"; };
		BC3F88872A8506F9000FDFE4 /* UrbanistRegularTextView.swift */ = {isa = PBXFileReference; fileEncoding = 4; lastKnownFileType = sourcecode.swift; path = UrbanistRegularTextView.swift; sourceTree = "<group>"; };
		BC3F88882A8506F9000FDFE4 /* UrbanistMediumTextView.swift */ = {isa = PBXFileReference; fileEncoding = 4; lastKnownFileType = sourcecode.swift; path = UrbanistMediumTextView.swift; sourceTree = "<group>"; };
		BC3F88892A8506F9000FDFE4 /* UrbanistBoldTextView.swift */ = {isa = PBXFileReference; fileEncoding = 4; lastKnownFileType = sourcecode.swift; path = UrbanistBoldTextView.swift; sourceTree = "<group>"; };
		BC3F888A2A8506F9000FDFE4 /* UniNeueRegularTextView.swift */ = {isa = PBXFileReference; fileEncoding = 4; lastKnownFileType = sourcecode.swift; path = UniNeueRegularTextView.swift; sourceTree = "<group>"; };
		BC3F888B2A8506F9000FDFE4 /* UrbanistSemiBoldTextView.swift */ = {isa = PBXFileReference; fileEncoding = 4; lastKnownFileType = sourcecode.swift; path = UrbanistSemiBoldTextView.swift; sourceTree = "<group>"; };
		BC3F88942A85098A000FDFE4 /* FixedGridView.swift */ = {isa = PBXFileReference; fileEncoding = 4; lastKnownFileType = sourcecode.swift; path = FixedGridView.swift; sourceTree = "<group>"; };
		BC3F88952A85098A000FDFE4 /* LazyGridView.swift */ = {isa = PBXFileReference; fileEncoding = 4; lastKnownFileType = sourcecode.swift; path = LazyGridView.swift; sourceTree = "<group>"; };
		BC3F88962A85098A000FDFE4 /* HorizantalFixedGridView.swift */ = {isa = PBXFileReference; fileEncoding = 4; lastKnownFileType = sourcecode.swift; path = HorizantalFixedGridView.swift; sourceTree = "<group>"; };
		BC3F889A2A850A2E000FDFE4 /* CommerceCategoryCellView.swift */ = {isa = PBXFileReference; fileEncoding = 4; lastKnownFileType = sourcecode.swift; path = CommerceCategoryCellView.swift; sourceTree = "<group>"; };
		BC3F889C2A850A70000FDFE4 /* Helper.swift */ = {isa = PBXFileReference; lastKnownFileType = sourcecode.swift; path = Helper.swift; sourceTree = "<group>"; };
		BC3F889F2A850F7F000FDFE4 /* CategoryDetailsView.swift */ = {isa = PBXFileReference; lastKnownFileType = sourcecode.swift; path = CategoryDetailsView.swift; sourceTree = "<group>"; };
		BC3F88A12A85109F000FDFE4 /* Products.swift */ = {isa = PBXFileReference; fileEncoding = 4; lastKnownFileType = sourcecode.swift; path = Products.swift; sourceTree = "<group>"; };
		BC3F88A32A8510C7000FDFE4 /* Shops.swift */ = {isa = PBXFileReference; fileEncoding = 4; lastKnownFileType = sourcecode.swift; path = Shops.swift; sourceTree = "<group>"; };
		BC3F88A52A851B05000FDFE4 /* ProductCellUIView.swift */ = {isa = PBXFileReference; lastKnownFileType = sourcecode.swift; path = ProductCellUIView.swift; sourceTree = "<group>"; };
		BC3F88A72A851B35000FDFE4 /* ImageUIView.swift */ = {isa = PBXFileReference; lastKnownFileType = sourcecode.swift; path = ImageUIView.swift; sourceTree = "<group>"; };
		BC3F88AA2A852062000FDFE4 /* ProductDetailsViewModel.swift */ = {isa = PBXFileReference; fileEncoding = 4; lastKnownFileType = sourcecode.swift; path = ProductDetailsViewModel.swift; sourceTree = "<group>"; };
		BC3F88AB2A852062000FDFE4 /* ProductDetailsView.swift */ = {isa = PBXFileReference; fileEncoding = 4; lastKnownFileType = sourcecode.swift; path = ProductDetailsView.swift; sourceTree = "<group>"; };
		BC3F88AE2A8521B2000FDFE4 /* ProductDetailsSliderUIView.swift */ = {isa = PBXFileReference; fileEncoding = 4; lastKnownFileType = sourcecode.swift; path = ProductDetailsSliderUIView.swift; sourceTree = "<group>"; };
		BC3F88B02A8522A6000FDFE4 /* HTMLFormattedText.swift */ = {isa = PBXFileReference; fileEncoding = 4; lastKnownFileType = sourcecode.swift; path = HTMLFormattedText.swift; sourceTree = "<group>"; };
		BC3F88B22A8522C5000FDFE4 /* PagingView.swift */ = {isa = PBXFileReference; fileEncoding = 4; lastKnownFileType = sourcecode.swift; path = PagingView.swift; sourceTree = "<group>"; };
		FACBAC8307338D7ED7973BC7 /* Pods_CommerceApp.framework */ = {isa = PBXFileReference; explicitFileType = wrapper.framework; includeInIndex = 0; path = Pods_CommerceApp.framework; sourceTree = BUILT_PRODUCTS_DIR; };
/* End PBXFileReference section */

/* Begin PBXFrameworksBuildPhase section */
		BC3F88412A84E766000FDFE4 /* Frameworks */ = {
			isa = PBXFrameworksBuildPhase;
			buildActionMask = 2147483647;
			files = (
				3A73352118D2757D3D747FC1 /* Pods_CommerceApp.framework in Frameworks */,
			);
			runOnlyForDeploymentPostprocessing = 0;
		};
/* End PBXFrameworksBuildPhase section */

/* Begin PBXGroup section */
		0926AFE22A856431005EB99F /* Realm */ = {
			isa = PBXGroup;
			children = (
				0926AFE32A856441005EB99F /* ProductRealm.swift */,
				0926AFE52A8564D4005EB99F /* RealmManager.swift */,
			);
			path = Realm;
			sourceTree = "<group>";
		};
		0926AFE72A85689B005EB99F /* Cart */ = {
			isa = PBXGroup;
			children = (
				0926AFE82A8568A6005EB99F /* CartView.swift */,
				0926AFEA2A8568FC005EB99F /* CartProductView.swift */,
				0926AFEC2A856A10005EB99F /* CartAmountSummaryView.swift */,
				0926AFEE2A856AA6005EB99F /* CartCheckOutView.swift */,
			);
			path = Cart;
			sourceTree = "<group>";
		};
		0926AFF02A8575A8005EB99F /* CustomView */ = {
			isa = PBXGroup;
			children = (
				BC3F88932A850977000FDFE4 /* GridView */,
				0926AFDE2A85520F005EB99F /* CustomerStepperView.swift */,
				0926AFE02A8555AD005EB99F /* GYTDImagePickerView.swift */,
				BC3F88A72A851B35000FDFE4 /* ImageUIView.swift */,
				BC3F88712A84F4A7000FDFE4 /* JCProgeressUIView.swift */,
				BC3F88B22A8522C5000FDFE4 /* PagingView.swift */,
				BC3F88B02A8522A6000FDFE4 /* HTMLFormattedText.swift */,
			);
			path = CustomView;
			sourceTree = "<group>";
		};
		1DC7E739A7D2A111D9F3C1A6 /* Pods */ = {
			isa = PBXGroup;
			children = (
				56BFCD96A7FA9A4D11B21859 /* Pods-CommerceApp.debug.xcconfig */,
				799849A02125851DC66336DE /* Pods-CommerceApp.release.xcconfig */,
			);
			path = Pods;
			sourceTree = "<group>";
		};
		51C3D4580E792650009D55A4 /* Frameworks */ = {
			isa = PBXGroup;
			children = (
				FACBAC8307338D7ED7973BC7 /* Pods_CommerceApp.framework */,
			);
			name = Frameworks;
			sourceTree = "<group>";
		};
		BC3F883B2A84E766000FDFE4 = {
			isa = PBXGroup;
			children = (
				BC3F88462A84E766000FDFE4 /* CommerceApp */,
				BC3F88452A84E766000FDFE4 /* Products */,
				1DC7E739A7D2A111D9F3C1A6 /* Pods */,
				51C3D4580E792650009D55A4 /* Frameworks */,
			);
			sourceTree = "<group>";
		};
		BC3F88452A84E766000FDFE4 /* Products */ = {
			isa = PBXGroup;
			children = (
				BC3F88442A84E766000FDFE4 /* CommerceApp.app */,
			);
			name = Products;
			sourceTree = "<group>";
		};
		BC3F88462A84E766000FDFE4 /* CommerceApp */ = {
			isa = PBXGroup;
			children = (
				BC3F885A2A84ECEC000FDFE4 /* Info.plist */,
				BC3F88572A84ECA3000FDFE4 /* Application */,
				BC3F88552A84EC69000FDFE4 /* Font */,
				BC3F884B2A84E768000FDFE4 /* Assets.xcassets */,
				BC3F884D2A84E768000FDFE4 /* Preview Content */,
			);
			path = CommerceApp;
			sourceTree = "<group>";
		};
		BC3F884D2A84E768000FDFE4 /* Preview Content */ = {
			isa = PBXGroup;
			children = (
				BC3F884E2A84E768000FDFE4 /* Preview Assets.xcassets */,
			);
			path = "Preview Content";
			sourceTree = "<group>";
		};
		BC3F88572A84ECA3000FDFE4 /* Application */ = {
			isa = PBXGroup;
			children = (
				0926AFF02A8575A8005EB99F /* CustomView */,
				0926AFE22A856431005EB99F /* Realm */,
				BC3F88842A85069D000FDFE4 /* CustomTextView */,
				BC3F886E2A84F36F000FDFE4 /* Model */,
				BC3F88632A84F1B9000FDFE4 /* API Manager */,
				BC3F885E2A84EEAF000FDFE4 /* View+ViewModel */,
				BC3F88472A84E766000FDFE4 /* CommerceAppApp.swift */,
			);
			path = Application;
			sourceTree = "<group>";
		};
		BC3F885D2A84EDBC000FDFE4 /* Home */ = {
			isa = PBXGroup;
			children = (
				BC3F889A2A850A2E000FDFE4 /* CommerceCategoryCellView.swift */,
				BC3F887E2A8501D0000FDFE4 /* FashionApiEndPoint.swift */,
				BC3F887F2A8501D0000FDFE4 /* FashionViewModel.swift */,
				BC3F887C2A850062000FDFE4 /* CommerceUIView.swift */,
			);
			path = Home;
			sourceTree = "<group>";
		};
		BC3F885E2A84EEAF000FDFE4 /* View+ViewModel */ = {
			isa = PBXGroup;
			children = (
				BC3F889E2A850F6D000FDFE4 /* CategoryDetails */,
				0926AFE72A85689B005EB99F /* Cart */,
				BC3F88A92A852055000FDFE4 /* Product */,
				BC3F885D2A84EDBC000FDFE4 /* Home */,
			);
			path = "View+ViewModel";
			sourceTree = "<group>";
		};
		BC3F88632A84F1B9000FDFE4 /* API Manager */ = {
			isa = PBXGroup;
			children = (
				BC3F886B2A84F1D2000FDFE4 /* OAuth2Handler.swift */,
				BC3F886A2A84F1D2000FDFE4 /* UrlEndPoint.swift */,
				BC3F88652A84F1C8000FDFE4 /* APIClient.swift */,
				BC3F88642A84F1C8000FDFE4 /* DSEndpoint.swift */,
				BC3F88662A84F1C8000FDFE4 /* DSError.swift */,
			);
			path = "API Manager";
			sourceTree = "<group>";
		};
		BC3F886E2A84F36F000FDFE4 /* Model */ = {
			isa = PBXGroup;
			children = (
				BC3F88A32A8510C7000FDFE4 /* Shops.swift */,
				BC3F88A12A85109F000FDFE4 /* Products.swift */,
				BC3F886F2A84F37C000FDFE4 /* Categories.swift */,
			);
			path = Model;
			sourceTree = "<group>";
		};
		BC3F88842A85069D000FDFE4 /* CustomTextView */ = {
			isa = PBXGroup;
			children = (
				BC3F88852A8506F9000FDFE4 /* UniNeueBoldTextView.swift */,
				BC3F888A2A8506F9000FDFE4 /* UniNeueRegularTextView.swift */,
				BC3F88892A8506F9000FDFE4 /* UrbanistBoldTextView.swift */,
				BC3F88882A8506F9000FDFE4 /* UrbanistMediumTextView.swift */,
				BC3F88872A8506F9000FDFE4 /* UrbanistRegularTextView.swift */,
				BC3F888B2A8506F9000FDFE4 /* UrbanistSemiBoldTextView.swift */,
			);
			path = CustomTextView;
			sourceTree = "<group>";
		};
		BC3F88932A850977000FDFE4 /* GridView */ = {
			isa = PBXGroup;
			children = (
				BC3F88942A85098A000FDFE4 /* FixedGridView.swift */,
				BC3F88962A85098A000FDFE4 /* HorizantalFixedGridView.swift */,
				BC3F88952A85098A000FDFE4 /* LazyGridView.swift */,
				BC3F889C2A850A70000FDFE4 /* Helper.swift */,
			);
			path = GridView;
			sourceTree = "<group>";
		};
		BC3F889E2A850F6D000FDFE4 /* CategoryDetails */ = {
			isa = PBXGroup;
			children = (
				BC3F889F2A850F7F000FDFE4 /* CategoryDetailsView.swift */,
			);
			path = CategoryDetails;
			sourceTree = "<group>";
		};
		BC3F88A92A852055000FDFE4 /* Product */ = {
			isa = PBXGroup;
			children = (
				BC3F88A52A851B05000FDFE4 /* ProductCellUIView.swift */,
				BC3F88AE2A8521B2000FDFE4 /* ProductDetailsSliderUIView.swift */,
				BC3F88AB2A852062000FDFE4 /* ProductDetailsView.swift */,
				BC3F88AA2A852062000FDFE4 /* ProductDetailsViewModel.swift */,
				0926AFDA2A855050005EB99F /* ProductVariantView.swift */,
				0926AFDC2A855194005EB99F /* ProductDetailsFooterView.swift */,
			);
			path = Product;
			sourceTree = "<group>";
		};
/* End PBXGroup section */

/* Begin PBXNativeTarget section */
		BC3F88432A84E766000FDFE4 /* CommerceApp */ = {
			isa = PBXNativeTarget;
			buildConfigurationList = BC3F88522A84E768000FDFE4 /* Build configuration list for PBXNativeTarget "CommerceApp" */;
			buildPhases = (
				F17F976D8555905CD9E415C9 /* [CP] Check Pods Manifest.lock */,
				BC3F88402A84E766000FDFE4 /* Sources */,
				BC3F88412A84E766000FDFE4 /* Frameworks */,
				BC3F88422A84E766000FDFE4 /* Resources */,
				B9C7F1FCD4E6DC64C79A87AB /* [CP] Embed Pods Frameworks */,
			);
			buildRules = (
			);
			dependencies = (
			);
			name = CommerceApp;
			productName = CommerceApp;
			productReference = BC3F88442A84E766000FDFE4 /* CommerceApp.app */;
			productType = "com.apple.product-type.application";
		};
/* End PBXNativeTarget section */

/* Begin PBXProject section */
		BC3F883C2A84E766000FDFE4 /* Project object */ = {
			isa = PBXProject;
			attributes = {
				BuildIndependentTargetsInParallel = 1;
				LastSwiftUpdateCheck = 1430;
				LastUpgradeCheck = 1430;
				TargetAttributes = {
					BC3F88432A84E766000FDFE4 = {
						CreatedOnToolsVersion = 14.3.1;
					};
				};
			};
			buildConfigurationList = BC3F883F2A84E766000FDFE4 /* Build configuration list for PBXProject "CommerceApp" */;
			compatibilityVersion = "Xcode 14.0";
			developmentRegion = en;
			hasScannedForEncodings = 0;
			knownRegions = (
				en,
				Base,
			);
			mainGroup = BC3F883B2A84E766000FDFE4;
			productRefGroup = BC3F88452A84E766000FDFE4 /* Products */;
			projectDirPath = "";
			projectRoot = "";
			targets = (
				BC3F88432A84E766000FDFE4 /* CommerceApp */,
			);
		};
/* End PBXProject section */

/* Begin PBXResourcesBuildPhase section */
		BC3F88422A84E766000FDFE4 /* Resources */ = {
			isa = PBXResourcesBuildPhase;
			buildActionMask = 2147483647;
			files = (
				BC3F884F2A84E768000FDFE4 /* Preview Assets.xcassets in Resources */,
				BC3F88562A84EC69000FDFE4 /* Font in Resources */,
				BC3F884C2A84E768000FDFE4 /* Assets.xcassets in Resources */,
			);
			runOnlyForDeploymentPostprocessing = 0;
		};
/* End PBXResourcesBuildPhase section */

/* Begin PBXShellScriptBuildPhase section */
		B9C7F1FCD4E6DC64C79A87AB /* [CP] Embed Pods Frameworks */ = {
			isa = PBXShellScriptBuildPhase;
			buildActionMask = 2147483647;
			files = (
			);
			inputFileListPaths = (
				"${PODS_ROOT}/Target Support Files/Pods-CommerceApp/Pods-CommerceApp-frameworks-${CONFIGURATION}-input-files.xcfilelist",
			);
			name = "[CP] Embed Pods Frameworks";
			outputFileListPaths = (
				"${PODS_ROOT}/Target Support Files/Pods-CommerceApp/Pods-CommerceApp-frameworks-${CONFIGURATION}-output-files.xcfilelist",
			);
			runOnlyForDeploymentPostprocessing = 0;
			shellPath = /bin/sh;
			shellScript = "\"${PODS_ROOT}/Target Support Files/Pods-CommerceApp/Pods-CommerceApp-frameworks.sh\"\n";
			showEnvVarsInLog = 0;
		};
		F17F976D8555905CD9E415C9 /* [CP] Check Pods Manifest.lock */ = {
			isa = PBXShellScriptBuildPhase;
			buildActionMask = 2147483647;
			files = (
			);
			inputFileListPaths = (
			);
			inputPaths = (
				"${PODS_PODFILE_DIR_PATH}/Podfile.lock",
				"${PODS_ROOT}/Manifest.lock",
			);
			name = "[CP] Check Pods Manifest.lock";
			outputFileListPaths = (
			);
			outputPaths = (
				"$(DERIVED_FILE_DIR)/Pods-CommerceApp-checkManifestLockResult.txt",
			);
			runOnlyForDeploymentPostprocessing = 0;
			shellPath = /bin/sh;
			shellScript = "diff \"${PODS_PODFILE_DIR_PATH}/Podfile.lock\" \"${PODS_ROOT}/Manifest.lock\" > /dev/null\nif [ $? != 0 ] ; then\n    # print error to STDERR\n    echo \"error: The sandbox is not in sync with the Podfile.lock. Run 'pod install' or update your CocoaPods installation.\" >&2\n    exit 1\nfi\n# This output is used by Xcode 'outputs' to avoid re-running this script phase.\necho \"SUCCESS\" > \"${SCRIPT_OUTPUT_FILE_0}\"\n";
			showEnvVarsInLog = 0;
		};
/* End PBXShellScriptBuildPhase section */

/* Begin PBXSourcesBuildPhase section */
		BC3F88402A84E766000FDFE4 /* Sources */ = {
			isa = PBXSourcesBuildPhase;
			buildActionMask = 2147483647;
			files = (
				BC3F88692A84F1C8000FDFE4 /* DSError.swift in Sources */,
				BC3F88A42A8510C7000FDFE4 /* Shops.swift in Sources */,
				BC3F88A02A850F7F000FDFE4 /* CategoryDetailsView.swift in Sources */,
				BC3F88912A8506F9000FDFE4 /* UniNeueRegularTextView.swift in Sources */,
				BC3F888E2A8506F9000FDFE4 /* UrbanistRegularTextView.swift in Sources */,
				BC3F886C2A84F1D2000FDFE4 /* UrlEndPoint.swift in Sources */,
				0926AFEB2A8568FC005EB99F /* CartProductView.swift in Sources */,
				BC3F88812A8501D0000FDFE4 /* FashionApiEndPoint.swift in Sources */,
				BC3F88802A8501D0000FDFE4 /* FashionViewModel.swift in Sources */,
				BC3F889B2A850A2E000FDFE4 /* CommerceCategoryCellView.swift in Sources */,
				0926AFE42A856441005EB99F /* ProductRealm.swift in Sources */,
				BC3F88682A84F1C8000FDFE4 /* APIClient.swift in Sources */,
				0926AFE62A8564D4005EB99F /* RealmManager.swift in Sources */,
				BC3F887D2A850062000FDFE4 /* CommerceUIView.swift in Sources */,
				BC3F88722A84F4A7000FDFE4 /* JCProgeressUIView.swift in Sources */,
				BC3F88AD2A852062000FDFE4 /* ProductDetailsView.swift in Sources */,
				0926AFE92A8568A6005EB99F /* CartView.swift in Sources */,
				BC3F88702A84F37C000FDFE4 /* Categories.swift in Sources */,
				BC3F889D2A850A70000FDFE4 /* Helper.swift in Sources */,
				BC3F888C2A8506F9000FDFE4 /* UniNeueBoldTextView.swift in Sources */,
				BC3F88B12A8522A6000FDFE4 /* HTMLFormattedText.swift in Sources */,
				BC3F88AF2A8521B2000FDFE4 /* ProductDetailsSliderUIView.swift in Sources */,
				BC3F88482A84E766000FDFE4 /* CommerceAppApp.swift in Sources */,
				BC3F88992A85098A000FDFE4 /* HorizantalFixedGridView.swift in Sources */,
				BC3F88902A8506F9000FDFE4 /* UrbanistBoldTextView.swift in Sources */,
				BC3F88922A8506F9000FDFE4 /* UrbanistSemiBoldTextView.swift in Sources */,
				0926AFED2A856A10005EB99F /* CartAmountSummaryView.swift in Sources */,
				0926AFDF2A85520F005EB99F /* CustomerStepperView.swift in Sources */,
				BC3F88672A84F1C8000FDFE4 /* DSEndpoint.swift in Sources */,
				BC3F888F2A8506F9000FDFE4 /* UrbanistMediumTextView.swift in Sources */,
				BC3F88972A85098A000FDFE4 /* FixedGridView.swift in Sources */,
				BC3F88A22A85109F000FDFE4 /* Products.swift in Sources */,
				BC3F88AC2A852062000FDFE4 /* ProductDetailsViewModel.swift in Sources */,
				BC3F88982A85098A000FDFE4 /* LazyGridView.swift in Sources */,
				0926AFDD2A855194005EB99F /* ProductDetailsFooterView.swift in Sources */,
				0926AFDB2A855050005EB99F /* ProductVariantView.swift in Sources */,
				BC3F88B32A8522C5000FDFE4 /* PagingView.swift in Sources */,
				0926AFE12A8555AD005EB99F /* GYTDImagePickerView.swift in Sources */,
				BC3F88A62A851B05000FDFE4 /* ProductCellUIView.swift in Sources */,
				BC3F88A82A851B35000FDFE4 /* ImageUIView.swift in Sources */,
				BC3F886D2A84F1D2000FDFE4 /* OAuth2Handler.swift in Sources */,
				0926AFEF2A856AA6005EB99F /* CartCheckOutView.swift in Sources */,
			);
			runOnlyForDeploymentPostprocessing = 0;
		};
/* End PBXSourcesBuildPhase section */

/* Begin XCBuildConfiguration section */
		BC3F88502A84E768000FDFE4 /* Debug */ = {
			isa = XCBuildConfiguration;
			buildSettings = {
				ALWAYS_SEARCH_USER_PATHS = NO;
				CLANG_ANALYZER_NONNULL = YES;
				CLANG_ANALYZER_NUMBER_OBJECT_CONVERSION = YES_AGGRESSIVE;
				CLANG_CXX_LANGUAGE_STANDARD = "gnu++20";
				CLANG_ENABLE_MODULES = YES;
				CLANG_ENABLE_OBJC_ARC = YES;
				CLANG_ENABLE_OBJC_WEAK = YES;
				CLANG_WARN_BLOCK_CAPTURE_AUTORELEASING = YES;
				CLANG_WARN_BOOL_CONVERSION = YES;
				CLANG_WARN_COMMA = YES;
				CLANG_WARN_CONSTANT_CONVERSION = YES;
				CLANG_WARN_DEPRECATED_OBJC_IMPLEMENTATIONS = YES;
				CLANG_WARN_DIRECT_OBJC_ISA_USAGE = YES_ERROR;
				CLANG_WARN_DOCUMENTATION_COMMENTS = YES;
				CLANG_WARN_EMPTY_BODY = YES;
				CLANG_WARN_ENUM_CONVERSION = YES;
				CLANG_WARN_INFINITE_RECURSION = YES;
				CLANG_WARN_INT_CONVERSION = YES;
				CLANG_WARN_NON_LITERAL_NULL_CONVERSION = YES;
				CLANG_WARN_OBJC_IMPLICIT_RETAIN_SELF = YES;
				CLANG_WARN_OBJC_LITERAL_CONVERSION = YES;
				CLANG_WARN_OBJC_ROOT_CLASS = YES_ERROR;
				CLANG_WARN_QUOTED_INCLUDE_IN_FRAMEWORK_HEADER = YES;
				CLANG_WARN_RANGE_LOOP_ANALYSIS = YES;
				CLANG_WARN_STRICT_PROTOTYPES = YES;
				CLANG_WARN_SUSPICIOUS_MOVE = YES;
				CLANG_WARN_UNGUARDED_AVAILABILITY = YES_AGGRESSIVE;
				CLANG_WARN_UNREACHABLE_CODE = YES;
				CLANG_WARN__DUPLICATE_METHOD_MATCH = YES;
				COPY_PHASE_STRIP = NO;
				DEBUG_INFORMATION_FORMAT = dwarf;
				ENABLE_STRICT_OBJC_MSGSEND = YES;
				ENABLE_TESTABILITY = YES;
				GCC_C_LANGUAGE_STANDARD = gnu11;
				GCC_DYNAMIC_NO_PIC = NO;
				GCC_NO_COMMON_BLOCKS = YES;
				GCC_OPTIMIZATION_LEVEL = 0;
				GCC_PREPROCESSOR_DEFINITIONS = (
					"DEBUG=1",
					"$(inherited)",
				);
				GCC_WARN_64_TO_32_BIT_CONVERSION = YES;
				GCC_WARN_ABOUT_RETURN_TYPE = YES_ERROR;
				GCC_WARN_UNDECLARED_SELECTOR = YES;
				GCC_WARN_UNINITIALIZED_AUTOS = YES_AGGRESSIVE;
				GCC_WARN_UNUSED_FUNCTION = YES;
				GCC_WARN_UNUSED_VARIABLE = YES;
				IPHONEOS_DEPLOYMENT_TARGET = 16.4;
				MTL_ENABLE_DEBUG_INFO = INCLUDE_SOURCE;
				MTL_FAST_MATH = YES;
				ONLY_ACTIVE_ARCH = YES;
				SDKROOT = iphoneos;
				SWIFT_ACTIVE_COMPILATION_CONDITIONS = DEBUG;
				SWIFT_OPTIMIZATION_LEVEL = "-Onone";
			};
			name = Debug;
		};
		BC3F88512A84E768000FDFE4 /* Release */ = {
			isa = XCBuildConfiguration;
			buildSettings = {
				ALWAYS_SEARCH_USER_PATHS = NO;
				CLANG_ANALYZER_NONNULL = YES;
				CLANG_ANALYZER_NUMBER_OBJECT_CONVERSION = YES_AGGRESSIVE;
				CLANG_CXX_LANGUAGE_STANDARD = "gnu++20";
				CLANG_ENABLE_MODULES = YES;
				CLANG_ENABLE_OBJC_ARC = YES;
				CLANG_ENABLE_OBJC_WEAK = YES;
				CLANG_WARN_BLOCK_CAPTURE_AUTORELEASING = YES;
				CLANG_WARN_BOOL_CONVERSION = YES;
				CLANG_WARN_COMMA = YES;
				CLANG_WARN_CONSTANT_CONVERSION = YES;
				CLANG_WARN_DEPRECATED_OBJC_IMPLEMENTATIONS = YES;
				CLANG_WARN_DIRECT_OBJC_ISA_USAGE = YES_ERROR;
				CLANG_WARN_DOCUMENTATION_COMMENTS = YES;
				CLANG_WARN_EMPTY_BODY = YES;
				CLANG_WARN_ENUM_CONVERSION = YES;
				CLANG_WARN_INFINITE_RECURSION = YES;
				CLANG_WARN_INT_CONVERSION = YES;
				CLANG_WARN_NON_LITERAL_NULL_CONVERSION = YES;
				CLANG_WARN_OBJC_IMPLICIT_RETAIN_SELF = YES;
				CLANG_WARN_OBJC_LITERAL_CONVERSION = YES;
				CLANG_WARN_OBJC_ROOT_CLASS = YES_ERROR;
				CLANG_WARN_QUOTED_INCLUDE_IN_FRAMEWORK_HEADER = YES;
				CLANG_WARN_RANGE_LOOP_ANALYSIS = YES;
				CLANG_WARN_STRICT_PROTOTYPES = YES;
				CLANG_WARN_SUSPICIOUS_MOVE = YES;
				CLANG_WARN_UNGUARDED_AVAILABILITY = YES_AGGRESSIVE;
				CLANG_WARN_UNREACHABLE_CODE = YES;
				CLANG_WARN__DUPLICATE_METHOD_MATCH = YES;
				COPY_PHASE_STRIP = NO;
				DEBUG_INFORMATION_FORMAT = "dwarf-with-dsym";
				ENABLE_NS_ASSERTIONS = NO;
				ENABLE_STRICT_OBJC_MSGSEND = YES;
				GCC_C_LANGUAGE_STANDARD = gnu11;
				GCC_NO_COMMON_BLOCKS = YES;
				GCC_WARN_64_TO_32_BIT_CONVERSION = YES;
				GCC_WARN_ABOUT_RETURN_TYPE = YES_ERROR;
				GCC_WARN_UNDECLARED_SELECTOR = YES;
				GCC_WARN_UNINITIALIZED_AUTOS = YES_AGGRESSIVE;
				GCC_WARN_UNUSED_FUNCTION = YES;
				GCC_WARN_UNUSED_VARIABLE = YES;
				IPHONEOS_DEPLOYMENT_TARGET = 16.4;
				MTL_ENABLE_DEBUG_INFO = NO;
				MTL_FAST_MATH = YES;
				SDKROOT = iphoneos;
				SWIFT_COMPILATION_MODE = wholemodule;
				SWIFT_OPTIMIZATION_LEVEL = "-O";
				VALIDATE_PRODUCT = YES;
			};
			name = Release;
		};
		BC3F88532A84E768000FDFE4 /* Debug */ = {
			isa = XCBuildConfiguration;
			baseConfigurationReference = 56BFCD96A7FA9A4D11B21859 /* Pods-CommerceApp.debug.xcconfig */;
			buildSettings = {
				ASSETCATALOG_COMPILER_APPICON_NAME = AppIcon;
				ASSETCATALOG_COMPILER_GLOBAL_ACCENT_COLOR_NAME = AccentColor;
				CODE_SIGN_STYLE = Automatic;
				CURRENT_PROJECT_VERSION = 1;
				DEVELOPMENT_ASSET_PATHS = "\"CommerceApp/Preview Content\"";
				ENABLE_PREVIEWS = YES;
				GENERATE_INFOPLIST_FILE = YES;
				INFOPLIST_FILE = CommerceApp/Info.plist;
				INFOPLIST_KEY_NSCameraUsageDescription = "$(PRODUCT_NAME) camera use";
				INFOPLIST_KEY_NSPhotoLibraryUsageDescription = "$(PRODUCT_NAME) photo use";
				INFOPLIST_KEY_UIApplicationSceneManifest_Generation = YES;
				INFOPLIST_KEY_UIApplicationSupportsIndirectInputEvents = YES;
				INFOPLIST_KEY_UILaunchScreen_Generation = YES;
				INFOPLIST_KEY_UISupportedInterfaceOrientations_iPad = "UIInterfaceOrientationPortrait UIInterfaceOrientationPortraitUpsideDown UIInterfaceOrientationLandscapeLeft UIInterfaceOrientationLandscapeRight";
				INFOPLIST_KEY_UISupportedInterfaceOrientations_iPhone = "UIInterfaceOrientationPortrait UIInterfaceOrientationLandscapeLeft UIInterfaceOrientationLandscapeRight";
				LD_RUNPATH_SEARCH_PATHS = (
					"$(inherited)",
					"@executable_path/Frameworks",
				);
				MARKETING_VERSION = 1.0;
				PRODUCT_BUNDLE_IDENTIFIER = com.gafurcseku.CommerceApp;
				PRODUCT_NAME = "$(TARGET_NAME)";
				SWIFT_EMIT_LOC_STRINGS = YES;
				SWIFT_VERSION = 5.0;
				TARGETED_DEVICE_FAMILY = "1,2";
			};
			name = Debug;
		};
		BC3F88542A84E768000FDFE4 /* Release */ = {
			isa = XCBuildConfiguration;
			baseConfigurationReference = 799849A02125851DC66336DE /* Pods-CommerceApp.release.xcconfig */;
			buildSettings = {
				ASSETCATALOG_COMPILER_APPICON_NAME = AppIcon;
				ASSETCATALOG_COMPILER_GLOBAL_ACCENT_COLOR_NAME = AccentColor;
				CODE_SIGN_STYLE = Automatic;
				CURRENT_PROJECT_VERSION = 1;
				DEVELOPMENT_ASSET_PATHS = "\"CommerceApp/Preview Content\"";
				ENABLE_PREVIEWS = YES;
				GENERATE_INFOPLIST_FILE = YES;
				INFOPLIST_FILE = CommerceApp/Info.plist;
				INFOPLIST_KEY_NSCameraUsageDescription = "$(PRODUCT_NAME) camera use";
				INFOPLIST_KEY_NSPhotoLibraryUsageDescription = "$(PRODUCT_NAME) photo use";
				INFOPLIST_KEY_UIApplicationSceneManifest_Generation = YES;
				INFOPLIST_KEY_UIApplicationSupportsIndirectInputEvents = YES;
				INFOPLIST_KEY_UILaunchScreen_Generation = YES;
				INFOPLIST_KEY_UISupportedInterfaceOrientations_iPad = "UIInterfaceOrientationPortrait UIInterfaceOrientationPortraitUpsideDown UIInterfaceOrientationLandscapeLeft UIInterfaceOrientationLandscapeRight";
				INFOPLIST_KEY_UISupportedInterfaceOrientations_iPhone = "UIInterfaceOrientationPortrait UIInterfaceOrientationLandscapeLeft UIInterfaceOrientationLandscapeRight";
				LD_RUNPATH_SEARCH_PATHS = (
					"$(inherited)",
					"@executable_path/Frameworks",
				);
				MARKETING_VERSION = 1.0;
				PRODUCT_BUNDLE_IDENTIFIER = com.gafurcseku.CommerceApp;
				PRODUCT_NAME = "$(TARGET_NAME)";
				SWIFT_EMIT_LOC_STRINGS = YES;
				SWIFT_VERSION = 5.0;
				TARGETED_DEVICE_FAMILY = "1,2";
			};
			name = Release;
		};
/* End XCBuildConfiguration section */

/* Begin XCConfigurationList section */
		BC3F883F2A84E766000FDFE4 /* Build configuration list for PBXProject "CommerceApp" */ = {
			isa = XCConfigurationList;
			buildConfigurations = (
				BC3F88502A84E768000FDFE4 /* Debug */,
				BC3F88512A84E768000FDFE4 /* Release */,
			);
			defaultConfigurationIsVisible = 0;
			defaultConfigurationName = Release;
		};
		BC3F88522A84E768000FDFE4 /* Build configuration list for PBXNativeTarget "CommerceApp" */ = {
			isa = XCConfigurationList;
			buildConfigurations = (
				BC3F88532A84E768000FDFE4 /* Debug */,
				BC3F88542A84E768000FDFE4 /* Release */,
			);
			defaultConfigurationIsVisible = 0;
			defaultConfigurationName = Release;
		};
/* End XCConfigurationList section */
	};
	rootObject = BC3F883C2A84E766000FDFE4 /* Project object */;
}
